
Microsoft Visual Studio Solution File, Format Version 12.00
# Visual Studio Version 16
VisualStudioVersion = 16.0.31205.134
MinimumVisualStudioVersion = 10.0.40219.1
Project("{FAE04EC0-301F-11D3-BF4B-00C04F79EFBC}") = "BaseWeb", "BaseWeb\BaseWeb.csproj", "{5D404790-29B4-4537-8384-C0304044F264}"
EndProject
Project("{FAE04EC0-301F-11D3-BF4B-00C04F79EFBC}") = "Common", "Common\Common.csproj", "{BF027B14-779E-4946-98A3-684C336E5765}"
EndProject
Project("{FAE04EC0-301F-11D3-BF4B-00C04F79EFBC}") = "Domain", "Domain\Domain.csproj", "{95C5B5EB-C0CC-4E9B-AA57-3E8519764820}"
EndProject
Project("{FAE04EC0-301F-11D3-BF4B-00C04F79EFBC}") = "Repository", "Repository\Repository.csproj", "{D932755F-41D9-4B11-85FC-9E418A478389}"
EndProject
Project("{FAE04EC0-301F-11D3-BF4B-00C04F79EFBC}") = "Services", "Services\Services.csproj", "{5CDB90B4-7BD5-45DD-862E-293C57CFE74C}"
EndProject
Global
	GlobalSection(SolutionConfigurationPlatforms) = preSolution
		Debug|Any CPU = Debug|Any CPU
		Release|Any CPU = Release|Any CPU
	EndGlobalSection
	GlobalSection(ProjectConfigurationPlatforms) = postSolution
		{5D404790-29B4-4537-8384-C0304044F264}.Debug|Any CPU.ActiveCfg = Debug|Any CPU
		{5D404790-29B4-4537-8384-C0304044F264}.Debug|Any CPU.Build.0 = Debug|Any CPU
		{5D404790-29B4-4537-8384-C0304044F264}.Release|Any CPU.ActiveCfg = Release|Any CPU
		{5D404790-29B4-4537-8384-C0304044F264}.Release|Any CPU.Build.0 = Release|Any CPU
		{BF027B14-779E-4946-98A3-684C336E5765}.Debug|Any CPU.ActiveCfg = Debug|Any CPU
		{BF027B14-779E-4946-98A3-684C336E5765}.Debug|Any CPU.Build.0 = Debug|Any CPU
		{BF027B14-779E-4946-98A3-684C336E5765}.Release|Any CPU.ActiveCfg = Release|Any CPU
		{BF027B14-779E-4946-98A3-684C336E5765}.Release|Any CPU.Build.0 = Release|Any CPU
		{95C5B5EB-C0CC-4E9B-AA57-3E8519764820}.Debug|Any CPU.ActiveCfg = Debug|Any CPU
		{95C5B5EB-C0CC-4E9B-AA57-3E8519764820}.Debug|Any CPU.Build.0 = Debug|Any CPU
		{95C5B5EB-C0CC-4E9B-AA57-3E8519764820}.Release|Any CPU.ActiveCfg = Release|Any CPU
		{95C5B5EB-C0CC-4E9B-AA57-3E8519764820}.Release|Any CPU.Build.0 = Release|Any CPU
		{D932755F-41D9-4B11-85FC-9E418A478389}.Debug|Any CPU.ActiveCfg = Debug|Any CPU
		{D932755F-41D9-4B11-85FC-9E418A478389}.Debug|Any CPU.Build.0 = Debug|Any CPU
		{D932755F-41D9-4B11-85FC-9E418A478389}.Release|Any CPU.ActiveCfg = Release|Any CPU
		{D932755F-41D9-4B11-85FC-9E418A478389}.Release|Any CPU.Build.0 = Release|Any CPU
		{5CDB90B4-7BD5-45DD-862E-293C57CFE74C}.Debug|Any CPU.ActiveCfg = Debug|Any CPU
		{5CDB90B4-7BD5-45DD-862E-293C57CFE74C}.Debug|Any CPU.Build.0 = Debug|Any CPU
		{5CDB90B4-7BD5-45DD-862E-293C57CFE74C}.Release|Any CPU.ActiveCfg = Release|Any CPU
		{5CDB90B4-7BD5-45DD-862E-293C57CFE74C}.Release|Any CPU.Build.0 = Release|Any CPU
	EndGlobalSection
	GlobalSection(SolutionProperties) = preSolution
		HideSolutionNode = FALSE
	EndGlobalSection
	GlobalSection(ExtensibilityGlobals) = postSolution
		SolutionGuid = {AA8AB3FB-15FF-4197-A0F6-5BCFF7DF1C67}
	EndGlobalSection
EndGlobal
